
Microsoft Visual Studio Solution File, Format Version 12.00
# Visual Studio Version 17
VisualStudioVersion = 17.2.32630.192
MinimumVisualStudioVersion = 10.0.40219.1
Project("{FAE04EC0-301F-11D3-BF4B-00C04F79EFBC}") = "GSTEducationalCRMSoftware", "GSTEducationalCRMSoftware\GSTEducationalCRMSoftware.csproj", "{60E9B2DC-C49C-4106-A0BE-636E9FA01E2E}"
EndProject
Project("{FAE04EC0-301F-11D3-BF4B-00C04F79EFBC}") = "clsLibrary", "clsLibrary\clsLibrary.csproj", "{BA744584-4EDD-441A-BF30-4C6779306C96}"
EndProject
Global
	GlobalSection(SolutionConfigurationPlatforms) = preSolution
		Debug|Any CPU = Debug|Any CPU
		Release|Any CPU = Release|Any CPU
	EndGlobalSection
	GlobalSection(ProjectConfigurationPlatforms) = postSolution
		{60E9B2DC-C49C-4106-A0BE-636E9FA01E2E}.Debug|Any CPU.ActiveCfg = Debug|Any CPU
		{60E9B2DC-C49C-4106-A0BE-636E9FA01E2E}.Debug|Any CPU.Build.0 = Debug|Any CPU
		{60E9B2DC-C49C-4106-A0BE-636E9FA01E2E}.Release|Any CPU.ActiveCfg = Release|Any CPU
		{60E9B2DC-C49C-4106-A0BE-636E9FA01E2E}.Release|Any CPU.Build.0 = Release|Any CPU
		{BA744584-4EDD-441A-BF30-4C6779306C96}.Debug|Any CPU.ActiveCfg = Debug|Any CPU
		{BA744584-4EDD-441A-BF30-4C6779306C96}.Debug|Any CPU.Build.0 = Debug|Any CPU
		{BA744584-4EDD-441A-BF30-4C6779306C96}.Release|Any CPU.ActiveCfg = Release|Any CPU
		{BA744584-4EDD-441A-BF30-4C6779306C96}.Release|Any CPU.Build.0 = Release|Any CPU
	EndGlobalSection
	GlobalSection(SolutionProperties) = preSolution
		HideSolutionNode = FALSE
	EndGlobalSection
	GlobalSection(ExtensibilityGlobals) = postSolution
		SolutionGuid = {D7142A69-1E4F-4BF3-A564-CAA462857143}
	EndGlobalSection
EndGlobal
